<?xml version="1.0" encoding="UTF-8" standalone="yes" ?>
<CodeBlocks_project_file>
	<FileVersion major="1" minor="6" />
	<Project>
		<Option title="gena_test" />
		<Option pch_mode="2" />
		<Option compiler="gcc" />
		<Option virtualFolders="munit/;genvector/;tests/;tests/gvec_common/;tests/gmap_common/;genmap/;internals/;internals/avl_tree/;" />
		<Build>
			<Target title="Test Static">
				<Option output="gena_test" prefix_auto="1" extension_auto="1" />
				<Option object_output="obj/" />
				<Option type="1" />
				<Option compiler="gcc" />
				<Compiler>
					<Add option="-g" />
					<Add option="-std=gnu99" />
					<Add option="-fprofile-arcs" />
					<Add option="-ftest-coverage" />
					<Add option="-DGVEC_INSERT_NO_REALLOC" />
				</Compiler>
				<Linker>
					<Add option="-fprofile-arcs" />
					<Add option="-ftest-coverage" />
				</Linker>
			</Target>
			<Target title="Test Modular">
				<Option output="gena_test" prefix_auto="1" extension_auto="1" />
				<Option object_output="obj/" />
				<Option type="1" />
				<Option compiler="gcc" />
				<Compiler>
					<Add option="-g" />
					<Add option="-std=gnu99" />
					<Add option="-fprofile-arcs" />
					<Add option="-ftest-coverage" />
					<Add option="-DGVEC_MODULAR_APPROACH" />
					<Add option="-DGMAP_MODULAR_APPROACH" />
				</Compiler>
				<Linker>
					<Add option="-fprofile-arcs" />
					<Add option="-ftest-coverage" />
				</Linker>
			</Target>
			<Target title="Check C89 Static">
				<Option output="gena_test" prefix_auto="1" extension_auto="1" />
				<Option object_output="obj/" />
				<Option type="1" />
				<Option compiler="gcc" />
				<Compiler>
					<Add option="-O2" />
					<Add option="-ansi" />
					<Add option="-Wno-unused-function" />
					<Add option="-DGENATEST_CHECK_ONLY_C89" />
					<Add option="-DGVEC_INSERT_NO_REALLOC" />
				</Compiler>
				<Linker>
					<Add option="-s" />
				</Linker>
			</Target>
			<Target title="Check C89 Modular">
				<Option output="gena_test" prefix_auto="1" extension_auto="1" />
				<Option object_output="obj/" />
				<Option type="1" />
				<Option compiler="gcc" />
				<Compiler>
					<Add option="-O2" />
					<Add option="-ansi" />
					<Add option="-Wno-unused-function" />
					<Add option="-DGENATEST_CHECK_ONLY_C89" />
					<Add option="-DGVEC_MODULAR_APPROACH" />
					<Add option="-DGMAP_MODULAR_APPROACH" />
				</Compiler>
				<Linker>
					<Add option="-s" />
				</Linker>
			</Target>
		</Build>
		<Compiler>
			<Add option="-fomit-frame-pointer" />
			<Add option="-fexpensive-optimizations" />
			<Add option="-O3" />
			<Add option="-pedantic-errors" />
			<Add option="-pedantic" />
			<Add option="-Wextra" />
			<Add option="-Wall" />
		</Compiler>
		<Linker>
			<Add option="-s" />
		</Linker>
		<Unit filename="../genmap/genmap.c">
			<Option compilerVar="CC" />
			<Option virtualFolder="genmap/" />
		</Unit>
		<Unit filename="../genmap/genmap.h">
			<Option virtualFolder="genmap/" />
		</Unit>
		<Unit filename="../genmap/gmap_template.inc">
			<Option virtualFolder="genmap/" />
		</Unit>
		<Unit filename="../genvector/genvector.c">
			<Option compilerVar="CC" />
			<Option virtualFolder="genvector/" />
		</Unit>
		<Unit filename="../genvector/genvector.h">
			<Option virtualFolder="genvector/" />
		</Unit>
		<Unit filename="../genvector/gvec_template.inc">
			<Option virtualFolder="genvector/" />
		</Unit>
		<Unit filename="../internals/avl_tree/avl_template.inc">
			<Option virtualFolder="internals/avl_tree/" />
		</Unit>
		<Unit filename="../internals/avl_tree/avl_tree.c">
			<Option compilerVar="CC" />
			<Option virtualFolder="internals/avl_tree/" />
		</Unit>
		<Unit filename="../internals/avl_tree/avl_tree.h">
			<Option virtualFolder="internals/avl_tree/" />
		</Unit>
		<Unit filename="../internals/coredefs.h">
			<Option virtualFolder="internals/" />
		</Unit>
		<Unit filename="genatest_common.c">
			<Option compilerVar="CC" />
			<Option virtualFolder="tests/" />
			<Option target="Test Static" />
			<Option target="Test Modular" />
		</Unit>
		<Unit filename="genatest_common.h">
			<Option virtualFolder="tests/" />
			<Option target="Test Static" />
			<Option target="Test Modular" />
		</Unit>
		<Unit filename="gmap_common/gmap_general.h">
			<Option virtualFolder="tests/gmap_common/" />
		</Unit>
		<Unit filename="gmap_common/gmap_modular.c">
			<Option compilerVar="CC" />
			<Option virtualFolder="tests/gmap_common/" />
			<Option target="Test Modular" />
			<Option target="Check C89 Modular" />
		</Unit>
		<Unit filename="gmap_common/gmap_modular.h">
			<Option virtualFolder="tests/gmap_common/" />
			<Option target="Test Modular" />
			<Option target="Check C89 Modular" />
		</Unit>
		<Unit filename="gmap_common/gmap_static.h">
			<Option virtualFolder="tests/gmap_common/" />
			<Option target="Test Static" />
			<Option target="Check C89 Static" />
		</Unit>
		<Unit filename="gmap_tests.c">
			<Option compilerVar="CC" />
			<Option virtualFolder="tests/" />
			<Option target="Test Static" />
			<Option target="Test Modular" />
		</Unit>
		<Unit filename="gmap_tests.h">
			<Option virtualFolder="tests/" />
		</Unit>
		<Unit filename="gvec_common/gvec_general.h">
			<Option virtualFolder="tests/gvec_common/" />
		</Unit>
		<Unit filename="gvec_common/gvec_modular.c">
			<Option compilerVar="CC" />
			<Option virtualFolder="tests/gvec_common/" />
			<Option target="Test Modular" />
			<Option target="Check C89 Modular" />
		</Unit>
		<Unit filename="gvec_common/gvec_modular.h">
			<Option virtualFolder="tests/gvec_common/" />
			<Option target="Test Modular" />
			<Option target="Check C89 Modular" />
		</Unit>
		<Unit filename="gvec_common/gvec_static.h">
			<Option virtualFolder="tests/gvec_common/" />
			<Option target="Test Static" />
			<Option target="Check C89 Static" />
		</Unit>
		<Unit filename="gvec_tests.c">
			<Option compilerVar="CC" />
			<Option virtualFolder="tests/" />
			<Option target="Test Static" />
			<Option target="Test Modular" />
		</Unit>
		<Unit filename="gvec_tests.h">
			<Option virtualFolder="tests/" />
		</Unit>
		<Unit filename="main.c">
			<Option compilerVar="CC" />
			<Option virtualFolder="tests/" />
		</Unit>
		<Unit filename="munit/munit.c">
			<Option compilerVar="CC" />
			<Option virtualFolder="munit/" />
			<Option target="Test Static" />
			<Option target="Test Modular" />
		</Unit>
		<Unit filename="munit/munit.h">
			<Option virtualFolder="munit/" />
			<Option target="Test Static" />
			<Option target="Test Modular" />
		</Unit>
		<Extensions>
			<code_completion />
			<debugger />
			<envvars />
		</Extensions>
	</Project>
</CodeBlocks_project_file>
