<?xml version="1.0" encoding="UTF-8" standalone="yes" ?>
<CodeBlocks_project_file>
	<FileVersion major="1" minor="6" />
	<Project>
		<Option title="gena_test" />
		<Option pch_mode="2" />
		<Option compiler="gcc" />
		<Option virtualFolders="munit/;genvector/;tests/;tests/gvec_common/;tests/gtmap_common/;gentreemap/;internals/;internals/avl_tree/;" />
		<Build>
			<Target title="Test Static (Release)">
				<Option output="gena_test" prefix_auto="1" extension_auto="1" />
				<Option object_output="obj/" />
				<Option type="1" />
				<Option compiler="gcc" />
				<Compiler>
					<Add option="-fomit-frame-pointer" />
					<Add option="-fexpensive-optimizations" />
					<Add option="-flto" />
					<Add option="-O3" />
					<Add option="-std=gnu99" />
					<Add option="-DGVEC_INSERT_NO_REALLOC" />
				</Compiler>
				<Linker>
					<Add option="-flto" />
					<Add option="-s" />
					<Add option="-static-libstdc++" />
					<Add option="-static-libgcc" />
					<Add option="-static" />
				</Linker>
			</Target>
			<Target title="Test Modular (Debug+gcov)">
				<Option output="gena_test" prefix_auto="1" extension_auto="1" />
				<Option object_output="obj/" />
				<Option type="1" />
				<Option compiler="gcc" />
				<Compiler>
					<Add option="-std=gnu99" />
					<Add option="-g3" />
					<Add option="-fprofile-arcs" />
					<Add option="-ftest-coverage" />
					<Add option="-DGENATEST_MODULAR_APPROACH" />
				</Compiler>
				<Linker>
					<Add option="-fprofile-arcs" />
					<Add option="-ftest-coverage" />
				</Linker>
			</Target>
			<Target title="Check C89 Static (Release)">
				<Option output="gena_test" prefix_auto="1" extension_auto="1" />
				<Option object_output="obj/" />
				<Option type="1" />
				<Option compiler="gcc" />
				<Compiler>
					<Add option="-fomit-frame-pointer" />
					<Add option="-fexpensive-optimizations" />
					<Add option="-flto" />
					<Add option="-O3" />
					<Add option="-ansi" />
					<Add option="-Wno-unused-function" />
					<Add option="-DGENATEST_CHECK_ONLY_C89" />
					<Add option="-DGVEC_INSERT_NO_REALLOC" />
				</Compiler>
				<Linker>
					<Add option="-flto" />
					<Add option="-s" />
					<Add option="-static-libstdc++" />
					<Add option="-static-libgcc" />
					<Add option="-static" />
				</Linker>
			</Target>
			<Target title="Check C89 Modular (Debug)">
				<Option output="gena_test" prefix_auto="1" extension_auto="1" />
				<Option object_output="obj/" />
				<Option type="1" />
				<Option compiler="gcc" />
				<Compiler>
					<Add option="-ansi" />
					<Add option="-Wno-unused-function" />
					<Add option="-g3" />
					<Add option="-DGENATEST_CHECK_ONLY_C89" />
					<Add option="-DGENATEST_MODULAR_APPROACH" />
				</Compiler>
			</Target>
		</Build>
		<Compiler>
			<Add option="-pedantic-errors" />
			<Add option="-pedantic" />
			<Add option="-Wextra" />
			<Add option="-Wall" />
		</Compiler>
		<Unit filename="../gentreemap/gentreemap.c">
			<Option compilerVar="CC" />
			<Option virtualFolder="gentreemap/" />
		</Unit>
		<Unit filename="../gentreemap/gentreemap.h">
			<Option virtualFolder="gentreemap/" />
		</Unit>
		<Unit filename="../gentreemap/gtmap_internal.inc">
			<Option virtualFolder="gentreemap/" />
		</Unit>
		<Unit filename="../gentreemap/gtmap_template.inc">
			<Option virtualFolder="gentreemap/" />
		</Unit>
		<Unit filename="../genvector/genvector.c">
			<Option compilerVar="CC" />
			<Option virtualFolder="genvector/" />
		</Unit>
		<Unit filename="../genvector/genvector.h">
			<Option virtualFolder="genvector/" />
		</Unit>
		<Unit filename="../genvector/gvec_internal.inc">
			<Option virtualFolder="genvector/" />
		</Unit>
		<Unit filename="../genvector/gvec_template.inc">
			<Option virtualFolder="genvector/" />
		</Unit>
		<Unit filename="../internals/avl_tree/avl_template.inc">
			<Option virtualFolder="internals/avl_tree/" />
		</Unit>
		<Unit filename="../internals/avl_tree/avl_tree.c">
			<Option compilerVar="CC" />
			<Option virtualFolder="internals/avl_tree/" />
		</Unit>
		<Unit filename="../internals/avl_tree/avl_tree.h">
			<Option virtualFolder="internals/avl_tree/" />
		</Unit>
		<Unit filename="../internals/coredefs.h">
			<Option virtualFolder="internals/" />
		</Unit>
		<Unit filename="genatest_common.c">
			<Option compilerVar="CC" />
			<Option virtualFolder="tests/" />
			<Option target="Test Static (Release)" />
			<Option target="Test Modular (Debug+gcov)" />
		</Unit>
		<Unit filename="genatest_common.h">
			<Option virtualFolder="tests/" />
			<Option target="Test Static (Release)" />
			<Option target="Test Modular (Debug+gcov)" />
		</Unit>
		<Unit filename="gtmap_common/gtmap_general.h">
			<Option virtualFolder="tests/gtmap_common/" />
		</Unit>
		<Unit filename="gtmap_common/gtmap_modular.c">
			<Option compilerVar="CC" />
			<Option virtualFolder="tests/gtmap_common/" />
			<Option target="Test Modular (Debug+gcov)" />
			<Option target="Check C89 Modular (Debug)" />
		</Unit>
		<Unit filename="gtmap_common/gtmap_modular.h">
			<Option virtualFolder="tests/gtmap_common/" />
			<Option target="Test Modular (Debug+gcov)" />
			<Option target="Check C89 Modular (Debug)" />
		</Unit>
		<Unit filename="gtmap_common/gtmap_static.h">
			<Option virtualFolder="tests/gtmap_common/" />
			<Option target="Test Static (Release)" />
			<Option target="Check C89 Static (Release)" />
		</Unit>
		<Unit filename="gtmap_tests.c">
			<Option compilerVar="CC" />
			<Option virtualFolder="tests/" />
			<Option target="Test Static (Release)" />
			<Option target="Test Modular (Debug+gcov)" />
		</Unit>
		<Unit filename="gtmap_tests.h">
			<Option virtualFolder="tests/" />
		</Unit>
		<Unit filename="gvec_common/gvec_general.h">
			<Option virtualFolder="tests/gvec_common/" />
		</Unit>
		<Unit filename="gvec_common/gvec_modular.c">
			<Option compilerVar="CC" />
			<Option virtualFolder="tests/gvec_common/" />
			<Option target="Test Modular (Debug+gcov)" />
			<Option target="Check C89 Modular (Debug)" />
		</Unit>
		<Unit filename="gvec_common/gvec_modular.h">
			<Option virtualFolder="tests/gvec_common/" />
			<Option target="Test Modular (Debug+gcov)" />
			<Option target="Check C89 Modular (Debug)" />
		</Unit>
		<Unit filename="gvec_common/gvec_static.h">
			<Option virtualFolder="tests/gvec_common/" />
			<Option target="Test Static (Release)" />
			<Option target="Check C89 Static (Release)" />
		</Unit>
		<Unit filename="gvec_tests.c">
			<Option compilerVar="CC" />
			<Option virtualFolder="tests/" />
			<Option target="Test Static (Release)" />
			<Option target="Test Modular (Debug+gcov)" />
		</Unit>
		<Unit filename="gvec_tests.h">
			<Option virtualFolder="tests/" />
		</Unit>
		<Unit filename="main.c">
			<Option compilerVar="CC" />
			<Option virtualFolder="tests/" />
		</Unit>
		<Unit filename="munit/munit.c">
			<Option compilerVar="CC" />
			<Option virtualFolder="munit/" />
			<Option target="Test Static (Release)" />
			<Option target="Test Modular (Debug+gcov)" />
		</Unit>
		<Unit filename="munit/munit.h">
			<Option virtualFolder="munit/" />
			<Option target="Test Static (Release)" />
			<Option target="Test Modular (Debug+gcov)" />
		</Unit>
		<Extensions>
			<code_completion />
			<debugger />
			<envvars />
		</Extensions>
	</Project>
</CodeBlocks_project_file>
